
Microsoft Visual Studio Solution File, Format Version 12.00
Project("{FAE04EC0-301F-11D3-BF4B-00C04F79EFBC}") = "Project 0A", "Project 0A.csproj", "{2F7998A7-2D8A-4193-945C-A0109FA837CF}"
EndProject
Global
	GlobalSection(SolutionConfigurationPlatforms) = preSolution
		Debug|Any CPU = Debug|Any CPU
		Release|Any CPU = Release|Any CPU
	EndGlobalSection
	GlobalSection(ProjectConfigurationPlatforms) = postSolution
		{2F7998A7-2D8A-4193-945C-A0109FA837CF}.Debug|Any CPU.ActiveCfg = Debug|Any CPU
		{2F7998A7-2D8A-4193-945C-A0109FA837CF}.Debug|Any CPU.Build.0 = Debug|Any CPU
		{2F7998A7-2D8A-4193-945C-A0109FA837CF}.Release|Any CPU.ActiveCfg = Release|Any CPU
		{2F7998A7-2D8A-4193-945C-A0109FA837CF}.Release|Any CPU.Build.0 = Release|Any CPU
	EndGlobalSection
EndGlobal
